
Microsoft Visual Studio Solution File, Format Version 12.00
# Visual Studio Version 17
VisualStudioVersion = 17.11.35208.52
MinimumVisualStudioVersion = 10.0.40219.1
Project("{FAE04EC0-301F-11D3-BF4B-00C04F79EFBC}") = "movie_restapi_web", "movie_restapi_web\movie_restapi_web.csproj", "{8DA2B2AB-EEFF-4401-8409-96F93515D301}"
EndProject
Global
	GlobalSection(SolutionConfigurationPlatforms) = preSolution
		Debug|Any CPU = Debug|Any CPU
		Release|Any CPU = Release|Any CPU
	EndGlobalSection
	GlobalSection(ProjectConfigurationPlatforms) = postSolution
		{8DA2B2AB-EEFF-4401-8409-96F93515D301}.Debug|Any CPU.ActiveCfg = Debug|Any CPU
		{8DA2B2AB-EEFF-4401-8409-96F93515D301}.Debug|Any CPU.Build.0 = Debug|Any CPU
		{8DA2B2AB-EEFF-4401-8409-96F93515D301}.Release|Any CPU.ActiveCfg = Release|Any CPU
		{8DA2B2AB-EEFF-4401-8409-96F93515D301}.Release|Any CPU.Build.0 = Release|Any CPU
	EndGlobalSection
	GlobalSection(SolutionProperties) = preSolution
		HideSolutionNode = FALSE
	EndGlobalSection
	GlobalSection(ExtensibilityGlobals) = postSolution
		SolutionGuid = {468E3118-4D0C-4A2F-B616-9002C12D8E5A}
	EndGlobalSection
EndGlobal
